
Microsoft Visual Studio Solution File, Format Version 12.00
# Visual Studio 15
VisualStudioVersion = 15.0.27004.2010
MinimumVisualStudioVersion = 10.0.40219.1
Project("{9A19103F-16F7-4668-BE54-9A1E7A4F7556}") = "DotConnect.WebCore20", "DotConnect.WebCore20\DotConnect.WebCore20.csproj", "{07E7922B-FCBF-44D1-8770-4BDFE4391B02}"
EndProject
Project("{9A19103F-16F7-4668-BE54-9A1E7A4F7556}") = "DotConnect.CommandHandler", "DotConnect.CommandHandler\DotConnect.CommandHandler.csproj", "{1E34B4E4-6595-4D71-90BE-7A9F45025ABB}"
EndProject
Project("{9A19103F-16F7-4668-BE54-9A1E7A4F7556}") = "DotConnect.HomeClient", "DotConnect.HomeClient\DotConnect.HomeClient.csproj", "{E834AFBC-5F9C-4A1D-B71E-640007B794DD}"
EndProject
Project("{9A19103F-16F7-4668-BE54-9A1E7A4F7556}") = "DotConnect.Domain", "DotConnect.Domain\DotConnect.Domain.csproj", "{61449595-F459-4719-85B5-B0A137D3B27B}"
EndProject
Project("{9A19103F-16F7-4668-BE54-9A1E7A4F7556}") = "DotConnect.Contracts", "DotConnect.Contracts\DotConnect.Contracts.csproj", "{9450DE1E-191D-4B37-99B7-5C48023E00FC}"
EndProject
Project("{9A19103F-16F7-4668-BE54-9A1E7A4F7556}") = "DotConnect.Core", "DotConnect.Core\DotConnect.Core.csproj", "{CAE7BDCE-7AC8-4881-8098-30F5E7A88113}"
EndProject
Project("{9A19103F-16F7-4668-BE54-9A1E7A4F7556}") = "DotConnect.CommandHandler.Tests", "DotConnect.CommandHandler.Tests\DotConnect.CommandHandler.Tests.csproj", "{A66C1269-7D38-42A6-938C-56B19AD88774}"
EndProject
Project("{9A19103F-16F7-4668-BE54-9A1E7A4F7556}") = "DotConnect.LeakyAbstraction", "DotConnect.LeakyAbstraction\DotConnect.LeakyAbstraction.csproj", "{75C147B4-8603-4558-9542-3F5C9EFA624F}"
EndProject
Project("{9A19103F-16F7-4668-BE54-9A1E7A4F7556}") = "DotConnect.LogGoose", "DotConnect.LogGoose\DotConnect.LogGoose.csproj", "{288F0DC0-5F60-4C62-860A-D0D7BB366B71}"
EndProject
Project("{9A19103F-16F7-4668-BE54-9A1E7A4F7556}") = "DotConnect.MCSA", "DotConnect.MCSA\DotConnect.MCSA.csproj", "{01D04026-AF95-48E9-819B-D81B37EDE69D}"
EndProject
Project("{FAE04EC0-301F-11D3-BF4B-00C04F79EFBC}") = "DotConnect.Loggy", "DotConnect.Loggy\DotConnect.Loggy.csproj", "{ACF882BA-6680-4223-B7D7-2D7411B23EFF}"
EndProject
Project("{2150E333-8FDC-42A3-9474-1A3956D46DE8}") = "MCSD70-487", "MCSD70-487", "{E37C6288-8BC3-40ED-AF20-E8E72A366477}"
EndProject
Project("{9A19103F-16F7-4668-BE54-9A1E7A4F7556}") = "DotConnect.EfCore", "DotConnect.EfCore\DotConnect.EfCore.csproj", "{D7A8A7AA-1FBD-4D68-8FC2-AFEEEE8E5749}"
EndProject
Project("{FAE04EC0-301F-11D3-BF4B-00C04F79EFBC}") = "DotConnect.Memory", "DotConnect.Memory\DotConnect.Memory.csproj", "{66EB2423-08BE-42AD-8787-729CB81A2567}"
EndProject
Global
	GlobalSection(SolutionConfigurationPlatforms) = preSolution
		Debug|Any CPU = Debug|Any CPU
		Release|Any CPU = Release|Any CPU
	EndGlobalSection
	GlobalSection(ProjectConfigurationPlatforms) = postSolution
		{07E7922B-FCBF-44D1-8770-4BDFE4391B02}.Debug|Any CPU.ActiveCfg = Debug|Any CPU
		{07E7922B-FCBF-44D1-8770-4BDFE4391B02}.Debug|Any CPU.Build.0 = Debug|Any CPU
		{07E7922B-FCBF-44D1-8770-4BDFE4391B02}.Release|Any CPU.ActiveCfg = Release|Any CPU
		{07E7922B-FCBF-44D1-8770-4BDFE4391B02}.Release|Any CPU.Build.0 = Release|Any CPU
		{1E34B4E4-6595-4D71-90BE-7A9F45025ABB}.Debug|Any CPU.ActiveCfg = Debug|Any CPU
		{1E34B4E4-6595-4D71-90BE-7A9F45025ABB}.Debug|Any CPU.Build.0 = Debug|Any CPU
		{1E34B4E4-6595-4D71-90BE-7A9F45025ABB}.Release|Any CPU.ActiveCfg = Release|Any CPU
		{1E34B4E4-6595-4D71-90BE-7A9F45025ABB}.Release|Any CPU.Build.0 = Release|Any CPU
		{E834AFBC-5F9C-4A1D-B71E-640007B794DD}.Debug|Any CPU.ActiveCfg = Debug|Any CPU
		{E834AFBC-5F9C-4A1D-B71E-640007B794DD}.Debug|Any CPU.Build.0 = Debug|Any CPU
		{E834AFBC-5F9C-4A1D-B71E-640007B794DD}.Release|Any CPU.ActiveCfg = Release|Any CPU
		{E834AFBC-5F9C-4A1D-B71E-640007B794DD}.Release|Any CPU.Build.0 = Release|Any CPU
		{61449595-F459-4719-85B5-B0A137D3B27B}.Debug|Any CPU.ActiveCfg = Debug|Any CPU
		{61449595-F459-4719-85B5-B0A137D3B27B}.Debug|Any CPU.Build.0 = Debug|Any CPU
		{61449595-F459-4719-85B5-B0A137D3B27B}.Release|Any CPU.ActiveCfg = Release|Any CPU
		{61449595-F459-4719-85B5-B0A137D3B27B}.Release|Any CPU.Build.0 = Release|Any CPU
		{9450DE1E-191D-4B37-99B7-5C48023E00FC}.Debug|Any CPU.ActiveCfg = Debug|Any CPU
		{9450DE1E-191D-4B37-99B7-5C48023E00FC}.Debug|Any CPU.Build.0 = Debug|Any CPU
		{9450DE1E-191D-4B37-99B7-5C48023E00FC}.Release|Any CPU.ActiveCfg = Release|Any CPU
		{9450DE1E-191D-4B37-99B7-5C48023E00FC}.Release|Any CPU.Build.0 = Release|Any CPU
		{CAE7BDCE-7AC8-4881-8098-30F5E7A88113}.Debug|Any CPU.ActiveCfg = Debug|Any CPU
		{CAE7BDCE-7AC8-4881-8098-30F5E7A88113}.Debug|Any CPU.Build.0 = Debug|Any CPU
		{CAE7BDCE-7AC8-4881-8098-30F5E7A88113}.Release|Any CPU.ActiveCfg = Release|Any CPU
		{CAE7BDCE-7AC8-4881-8098-30F5E7A88113}.Release|Any CPU.Build.0 = Release|Any CPU
		{A66C1269-7D38-42A6-938C-56B19AD88774}.Debug|Any CPU.ActiveCfg = Debug|Any CPU
		{A66C1269-7D38-42A6-938C-56B19AD88774}.Debug|Any CPU.Build.0 = Debug|Any CPU
		{A66C1269-7D38-42A6-938C-56B19AD88774}.Release|Any CPU.ActiveCfg = Release|Any CPU
		{A66C1269-7D38-42A6-938C-56B19AD88774}.Release|Any CPU.Build.0 = Release|Any CPU
		{75C147B4-8603-4558-9542-3F5C9EFA624F}.Debug|Any CPU.ActiveCfg = Debug|Any CPU
		{75C147B4-8603-4558-9542-3F5C9EFA624F}.Debug|Any CPU.Build.0 = Debug|Any CPU
		{75C147B4-8603-4558-9542-3F5C9EFA624F}.Release|Any CPU.ActiveCfg = Release|Any CPU
		{75C147B4-8603-4558-9542-3F5C9EFA624F}.Release|Any CPU.Build.0 = Release|Any CPU
		{288F0DC0-5F60-4C62-860A-D0D7BB366B71}.Debug|Any CPU.ActiveCfg = Debug|Any CPU
		{288F0DC0-5F60-4C62-860A-D0D7BB366B71}.Debug|Any CPU.Build.0 = Debug|Any CPU
		{288F0DC0-5F60-4C62-860A-D0D7BB366B71}.Release|Any CPU.ActiveCfg = Release|Any CPU
		{288F0DC0-5F60-4C62-860A-D0D7BB366B71}.Release|Any CPU.Build.0 = Release|Any CPU
		{01D04026-AF95-48E9-819B-D81B37EDE69D}.Debug|Any CPU.ActiveCfg = Debug|Any CPU
		{01D04026-AF95-48E9-819B-D81B37EDE69D}.Debug|Any CPU.Build.0 = Debug|Any CPU
		{01D04026-AF95-48E9-819B-D81B37EDE69D}.Release|Any CPU.ActiveCfg = Release|Any CPU
		{01D04026-AF95-48E9-819B-D81B37EDE69D}.Release|Any CPU.Build.0 = Release|Any CPU
		{ACF882BA-6680-4223-B7D7-2D7411B23EFF}.Debug|Any CPU.ActiveCfg = Debug|Any CPU
		{ACF882BA-6680-4223-B7D7-2D7411B23EFF}.Debug|Any CPU.Build.0 = Debug|Any CPU
		{ACF882BA-6680-4223-B7D7-2D7411B23EFF}.Release|Any CPU.ActiveCfg = Release|Any CPU
		{ACF882BA-6680-4223-B7D7-2D7411B23EFF}.Release|Any CPU.Build.0 = Release|Any CPU
		{D7A8A7AA-1FBD-4D68-8FC2-AFEEEE8E5749}.Debug|Any CPU.ActiveCfg = Debug|Any CPU
		{D7A8A7AA-1FBD-4D68-8FC2-AFEEEE8E5749}.Debug|Any CPU.Build.0 = Debug|Any CPU
		{D7A8A7AA-1FBD-4D68-8FC2-AFEEEE8E5749}.Release|Any CPU.ActiveCfg = Release|Any CPU
		{D7A8A7AA-1FBD-4D68-8FC2-AFEEEE8E5749}.Release|Any CPU.Build.0 = Release|Any CPU
		{66EB2423-08BE-42AD-8787-729CB81A2567}.Debug|Any CPU.ActiveCfg = Debug|Any CPU
		{66EB2423-08BE-42AD-8787-729CB81A2567}.Debug|Any CPU.Build.0 = Debug|Any CPU
		{66EB2423-08BE-42AD-8787-729CB81A2567}.Release|Any CPU.ActiveCfg = Release|Any CPU
		{66EB2423-08BE-42AD-8787-729CB81A2567}.Release|Any CPU.Build.0 = Release|Any CPU
	EndGlobalSection
	GlobalSection(SolutionProperties) = preSolution
		HideSolutionNode = FALSE
	EndGlobalSection
	GlobalSection(NestedProjects) = preSolution
		{D7A8A7AA-1FBD-4D68-8FC2-AFEEEE8E5749} = {E37C6288-8BC3-40ED-AF20-E8E72A366477}
	EndGlobalSection
	GlobalSection(ExtensibilityGlobals) = postSolution
		SolutionGuid = {2D1E6AC1-7263-4BC3-BA8F-D851B471BA08}
	EndGlobalSection
EndGlobal
